<?xml version="1.0" encoding="utf-8"?>
<Project ToolsVersion="4.0" xmlns="http://schemas.microsoft.com/developer/msbuild/2003">
  <ItemGroup>
    <Filter Include="소스 파일">
      <UniqueIdentifier>{4FC737F1-C7A5-4376-A066-2A32D752A2FF}</UniqueIdentifier>
      <Extensions>cpp;c;cc;cxx;c++;cppm;ixx;def;odl;idl;hpj;bat;asm;asmx</Extensions>
    </Filter>
    <Filter Include="헤더 파일">
      <UniqueIdentifier>{93995380-89BD-4b04-88EB-625FBE52EBFB}</UniqueIdentifier>
      <Extensions>h;hh;hpp;hxx;h++;hm;inl;inc;ipp;xsd</Extensions>
    </Filter>
    <Filter Include="리소스 파일">
      <UniqueIdentifier>{67DA6AB6-F800-4c08-8B7A-83BB121AAD01}</UniqueIdentifier>
      <Extensions>rc;ico;cur;bmp;dlg;rc2;rct;bin;rgs;gif;jpg;jpeg;jpe;resx;tiff;tif;png;wav;mfcribbon-ms</Extensions>
    </Filter>
    <Filter Include="Tree">
      <UniqueIdentifier>{ae62a0af-ce10-428d-8c65-186659d96de3}</UniqueIdentifier>
    </Filter>
    <Filter Include="Tree\LCRSTree">
      <UniqueIdentifier>{f62288c6-abf7-40d5-8feb-46b3b22903a1}</UniqueIdentifier>
    </Filter>
    <Filter Include="Tree\ExpressionTree">
      <UniqueIdentifier>{5ab7b2a0-d132-40f6-9b38-e271ae4a9930}</UniqueIdentifier>
    </Filter>
    <Filter Include="Tree\DisjointSet">
      <UniqueIdentifier>{4f98ef71-90fd-4c19-aa28-b9da6f24049a}</UniqueIdentifier>
    </Filter>
    <Filter Include="Tree\BinaryTree">
      <UniqueIdentifier>{69432d4a-8c2b-4427-b1a2-1abed4482e66}</UniqueIdentifier>
    </Filter>
    <Filter Include="List">
      <UniqueIdentifier>{cc8da129-0a7c-458c-b8cd-f8fa9c7acad3}</UniqueIdentifier>
    </Filter>
    <Filter Include="List\LinkedList">
      <UniqueIdentifier>{e14b2ccc-62aa-4b1a-b6ef-ae1b3e06a6d3}</UniqueIdentifier>
    </Filter>
  </ItemGroup>
  <ItemGroup>
    <ClCompile Include="LCRSTree.c">
      <Filter>Tree\LCRSTree</Filter>
    </ClCompile>
    <ClCompile Include="Test_LCRSTree.c">
      <Filter>Tree\LCRSTree</Filter>
    </ClCompile>
  </ItemGroup>
  <ItemGroup>
    <ClInclude Include="LCRSTree.h">
      <Filter>Tree\LCRSTree</Filter>
    </ClInclude>
    <ClInclude Include="LinkedList.h">
      <Filter>List\LinkedList</Filter>
    </ClInclude>
  </ItemGroup>
</Project>